
Microsoft Visual Studio Solution File, Format Version 11.00
# Visual Studio 2010
Project("{FAE04EC0-301F-11D3-BF4B-00C04F79EFBC}") = "Assembly-CSharp", "Assembly-CSharp.csproj", "{D53D101A-8B2B-5257-FD3C-BACA3928D48A}"
EndProject
Project("{FAE04EC0-301F-11D3-BF4B-00C04F79EFBC}") = "Assembly-CSharp-Editor", "Assembly-CSharp-Editor.csproj", "{72AB9BEE-405D-31D8-B82A-515B66F2035F}"
EndProject
Global
	GlobalSection(SolutionConfigurationPlatforms) = preSolution
		Debug|Any CPU = Debug|Any CPU
		Release|Any CPU = Release|Any CPU
	EndGlobalSection
	GlobalSection(ProjectConfigurationPlatforms) = postSolution
		{D53D101A-8B2B-5257-FD3C-BACA3928D48A}.Debug|Any CPU.ActiveCfg = Debug|Any CPU
		{D53D101A-8B2B-5257-FD3C-BACA3928D48A}.Debug|Any CPU.Build.0 = Debug|Any CPU
		{D53D101A-8B2B-5257-FD3C-BACA3928D48A}.Release|Any CPU.ActiveCfg = Release|Any CPU
		{D53D101A-8B2B-5257-FD3C-BACA3928D48A}.Release|Any CPU.Build.0 = Release|Any CPU
		{72AB9BEE-405D-31D8-B82A-515B66F2035F}.Debug|Any CPU.ActiveCfg = Debug|Any CPU
		{72AB9BEE-405D-31D8-B82A-515B66F2035F}.Debug|Any CPU.Build.0 = Debug|Any CPU
		{72AB9BEE-405D-31D8-B82A-515B66F2035F}.Release|Any CPU.ActiveCfg = Release|Any CPU
		{72AB9BEE-405D-31D8-B82A-515B66F2035F}.Release|Any CPU.Build.0 = Release|Any CPU
	EndGlobalSection
	GlobalSection(SolutionProperties) = preSolution
		HideSolutionNode = FALSE
	EndGlobalSection
	GlobalSection(MonoDevelopProperties) = preSolution
		StartupItem = Assembly-CSharp.csproj
	EndGlobalSection
EndGlobal
